
Microsoft Visual Studio Solution File, Format Version 12.00
# Visual Studio Version 16
VisualStudioVersion = 16.0.28803.202
MinimumVisualStudioVersion = 10.0.40219.1
Project("{2150E333-8FDC-42A3-9474-1A3956D46DE8}") = "src", "src", "{087E722D-4DC4-4C10-8E86-75042C681661}"
EndProject
Project("{9A19103F-16F7-4668-BE54-9A1E7A4F7556}") = "FillThePool.Core", "src\FillThePool.Core\FillThePool.Core.csproj", "{AB742592-C615-46DE-8EC1-4E1AF00A692A}"
EndProject
Project("{E53339B2-1760-4266-BCC7-CA923CBCF16C}") = "docker-compose", "docker-compose.dcproj", "{EA501579-81D8-4C35-A29E-ED447B3DFC7D}"
EndProject
Global
	GlobalSection(SolutionConfigurationPlatforms) = preSolution
		Debug|Any CPU = Debug|Any CPU
		Release|Any CPU = Release|Any CPU
	EndGlobalSection
	GlobalSection(ProjectConfigurationPlatforms) = postSolution
		{AB742592-C615-46DE-8EC1-4E1AF00A692A}.Debug|Any CPU.ActiveCfg = Debug|Any CPU
		{AB742592-C615-46DE-8EC1-4E1AF00A692A}.Debug|Any CPU.Build.0 = Debug|Any CPU
		{AB742592-C615-46DE-8EC1-4E1AF00A692A}.Release|Any CPU.ActiveCfg = Release|Any CPU
		{AB742592-C615-46DE-8EC1-4E1AF00A692A}.Release|Any CPU.Build.0 = Release|Any CPU
		{EA501579-81D8-4C35-A29E-ED447B3DFC7D}.Debug|Any CPU.ActiveCfg = Debug|Any CPU
		{EA501579-81D8-4C35-A29E-ED447B3DFC7D}.Debug|Any CPU.Build.0 = Debug|Any CPU
		{EA501579-81D8-4C35-A29E-ED447B3DFC7D}.Release|Any CPU.ActiveCfg = Release|Any CPU
		{EA501579-81D8-4C35-A29E-ED447B3DFC7D}.Release|Any CPU.Build.0 = Release|Any CPU
	EndGlobalSection
	GlobalSection(SolutionProperties) = preSolution
		HideSolutionNode = FALSE
	EndGlobalSection
	GlobalSection(NestedProjects) = preSolution
		{AB742592-C615-46DE-8EC1-4E1AF00A692A} = {087E722D-4DC4-4C10-8E86-75042C681661}
	EndGlobalSection
	GlobalSection(ExtensibilityGlobals) = postSolution
		SolutionGuid = {1492A021-7CB0-466D-B8F3-0B9BCF106B99}
	EndGlobalSection
EndGlobal
